Microsoft Visual Studio Solution File, Format Version 12.00
# Visual Studio Version 17
VisualStudioVersion = 17.11.35327.3
MinimumVisualStudioVersion = 10.0.40219.1
Project("{8BC9CEB8-8B4A-11D0-8D11-00A0C91BC942}") = "brepsi", "brepsi.vcxproj", "{4373256E-6EA9-4DE1-9A09-1CD551397B18}"
EndProject
Global
	GlobalSection(SolutionConfigurationPlatforms) = preSolution
		Debug|x86 = Debug|x86
		Release|x86 = Release|x86
	EndGlobalSection
	GlobalSection(ProjectConfigurationPlatforms) = postSolution
		{4373256E-6EA9-4DE1-9A09-1CD551397B18}.Debug|x86.ActiveCfg = Debug|Win32
		{4373256E-6EA9-4DE1-9A09-1CD551397B18}.Debug|x86.Build.0 = Debug|Win32
		{4373256E-6EA9-4DE1-9A09-1CD551397B18}.Release|x86.ActiveCfg = Release|Win32
		{4373256E-6EA9-4DE1-9A09-1CD551397B18}.Release|x86.Build.0 = Release|Win32
	EndGlobalSection
	GlobalSection(SolutionProperties) = preSolution
		HideSolutionNode = FALSE
	EndGlobalSection
	GlobalSection(ExtensibilityGlobals) = postSolution
		SolutionGuid = {0D6B3D9C-2F7D-405D-A80A-E577135220D1}
	EndGlobalSection
EndGlobal
